
- name: BOOT LOCK | 1.0 | Check if {{ boot_mountpoint }} exists and is mounted
  ansible.builtin.command: "mountpoint -q {{ boot_mountpoint }}"
  register: volume_stat
  changed_when: false
  failed_when: volume_stat.rc != 0

- name: BOOT LOCK | 2.0 | Get source block device for {{ boot_mountpoint }}
  ansible.builtin.shell: "df -T {{ boot_mountpoint |quote }} | tail -1 | cut -d' ' -f1"
  changed_when: false
  register: boot_mountsrc

- name: BOOT LOCK | 3.0 | Get UUID of {{ boot_mountpoint }}
  ansible.builtin.shell: "lsblk -no UUID {{ boot_mountsrc.stdout |quote }}"
  changed_when: false
  register: boot_uuid

- name: BOOT LOCK | 4.0 | Get filesystem type of {{ boot_mountpoint }}
  ansible.builtin.shell: "lsblk -no FSTYPE {{ boot_mountsrc.stdout |quote }}"
  changed_when: false
  register: boot_fstype

- name: BOOT LOCK | 5.0 | Ensure {{ boot_mountpoint }} is locked (ro)
  ansible.builtin.lineinfile:
    path: /etc/fstab
    regexp: '^(UUID|LABEL)=*'
    line: "UUID={{ boot_uuid.stdout }} {{ boot_mountpoint }} {{ boot_fstype.stdout }} defaults,ro 1 2"
